
Microsoft Visual Studio Solution File, Format Version 12.00
# Visual Studio Version 17
VisualStudioVersion = 17.5.33530.505
MinimumVisualStudioVersion = 10.0.40219.1
Project("{FAE04EC0-301F-11D3-BF4B-00C04F79EFBC}") = "CollectionsSortDemo", "CollectionsSortDemo\CollectionsSortDemo.csproj", "{5B664EDE-61B7-4687-B031-7BC4CDC1C057}"
EndProject
Global
	GlobalSection(SolutionConfigurationPlatforms) = preSolution
		Debug|Any CPU = Debug|Any CPU
		Release|Any CPU = Release|Any CPU
	EndGlobalSection
	GlobalSection(ProjectConfigurationPlatforms) = postSolution
		{5B664EDE-61B7-4687-B031-7BC4CDC1C057}.Debug|Any CPU.ActiveCfg = Debug|Any CPU
		{5B664EDE-61B7-4687-B031-7BC4CDC1C057}.Debug|Any CPU.Build.0 = Debug|Any CPU
		{5B664EDE-61B7-4687-B031-7BC4CDC1C057}.Release|Any CPU.ActiveCfg = Release|Any CPU
		{5B664EDE-61B7-4687-B031-7BC4CDC1C057}.Release|Any CPU.Build.0 = Release|Any CPU
	EndGlobalSection
	GlobalSection(SolutionProperties) = preSolution
		HideSolutionNode = FALSE
	EndGlobalSection
	GlobalSection(ExtensibilityGlobals) = postSolution
		SolutionGuid = {F2D8B8F4-5FC7-46C5-9F78-D74956B82101}
	EndGlobalSection
EndGlobal
