
Microsoft Visual Studio Solution File, Format Version 12.00
# Visual Studio Version 17
VisualStudioVersion = 17.5.33530.505
MinimumVisualStudioVersion = 10.0.40219.1
Project("{FAE04EC0-301F-11D3-BF4B-00C04F79EFBC}") = "ExceptionHandling", "ExceptionHandling\ExceptionHandling.csproj", "{BC353181-5C47-4367-A8FE-1F9ADD505B50}"
EndProject
Global
	GlobalSection(SolutionConfigurationPlatforms) = preSolution
		Debug|Any CPU = Debug|Any CPU
		Release|Any CPU = Release|Any CPU
	EndGlobalSection
	GlobalSection(ProjectConfigurationPlatforms) = postSolution
		{BC353181-5C47-4367-A8FE-1F9ADD505B50}.Debug|Any CPU.ActiveCfg = Debug|Any CPU
		{BC353181-5C47-4367-A8FE-1F9ADD505B50}.Debug|Any CPU.Build.0 = Debug|Any CPU
		{BC353181-5C47-4367-A8FE-1F9ADD505B50}.Release|Any CPU.ActiveCfg = Release|Any CPU
		{BC353181-5C47-4367-A8FE-1F9ADD505B50}.Release|Any CPU.Build.0 = Release|Any CPU
	EndGlobalSection
	GlobalSection(SolutionProperties) = preSolution
		HideSolutionNode = FALSE
	EndGlobalSection
	GlobalSection(ExtensibilityGlobals) = postSolution
		SolutionGuid = {1C2F685B-EAAC-483A-A229-0B04CFA380D3}
	EndGlobalSection
EndGlobal
