
Microsoft Visual Studio Solution File, Format Version 12.00
# Visual Studio Version 17
VisualStudioVersion = 17.5.33530.505
MinimumVisualStudioVersion = 10.0.40219.1
Project("{FAE04EC0-301F-11D3-BF4B-00C04F79EFBC}") = "MyApp", "MyApp\MyApp.csproj", "{79B2C2AF-10D1-453C-B004-5DC7B6FCFF74}"
EndProject
Project("{FAE04EC0-301F-11D3-BF4B-00C04F79EFBC}") = "MyLibrary", "MyLibrary\MyLibrary.csproj", "{019229B1-B7EA-4761-9FB8-3F5D8A5E0448}"
EndProject
Global
	GlobalSection(SolutionConfigurationPlatforms) = preSolution
		Debug|Any CPU = Debug|Any CPU
		Release|Any CPU = Release|Any CPU
	EndGlobalSection
	GlobalSection(ProjectConfigurationPlatforms) = postSolution
		{79B2C2AF-10D1-453C-B004-5DC7B6FCFF74}.Debug|Any CPU.ActiveCfg = Debug|Any CPU
		{79B2C2AF-10D1-453C-B004-5DC7B6FCFF74}.Debug|Any CPU.Build.0 = Debug|Any CPU
		{79B2C2AF-10D1-453C-B004-5DC7B6FCFF74}.Release|Any CPU.ActiveCfg = Release|Any CPU
		{79B2C2AF-10D1-453C-B004-5DC7B6FCFF74}.Release|Any CPU.Build.0 = Release|Any CPU
		{019229B1-B7EA-4761-9FB8-3F5D8A5E0448}.Debug|Any CPU.ActiveCfg = Debug|Any CPU
		{019229B1-B7EA-4761-9FB8-3F5D8A5E0448}.Debug|Any CPU.Build.0 = Debug|Any CPU
		{019229B1-B7EA-4761-9FB8-3F5D8A5E0448}.Release|Any CPU.ActiveCfg = Release|Any CPU
		{019229B1-B7EA-4761-9FB8-3F5D8A5E0448}.Release|Any CPU.Build.0 = Release|Any CPU
	EndGlobalSection
	GlobalSection(SolutionProperties) = preSolution
		HideSolutionNode = FALSE
	EndGlobalSection
	GlobalSection(ExtensibilityGlobals) = postSolution
		SolutionGuid = {C0CBDA91-4344-49E0-89BC-467500C5D597}
	EndGlobalSection
EndGlobal
